
Microsoft Visual Studio Solution File, Format Version 12.00
# Visual Studio Version 17
VisualStudioVersion = 17.4.33205.214
MinimumVisualStudioVersion = 10.0.40219.1
Project("{FAE04EC0-301F-11D3-BF4B-00C04F79EFBC}") = "Dashboard", "Dashboard\Dashboard.csproj", "{01201D84-874F-4D98-87B9-90D97C382D0E}"
EndProject
Global
	GlobalSection(SolutionConfigurationPlatforms) = preSolution
		Debug|Any CPU = Debug|Any CPU
		Release|Any CPU = Release|Any CPU
	EndGlobalSection
	GlobalSection(ProjectConfigurationPlatforms) = postSolution
		{01201D84-874F-4D98-87B9-90D97C382D0E}.Debug|Any CPU.ActiveCfg = Debug|Any CPU
		{01201D84-874F-4D98-87B9-90D97C382D0E}.Debug|Any CPU.Build.0 = Debug|Any CPU
		{01201D84-874F-4D98-87B9-90D97C382D0E}.Release|Any CPU.ActiveCfg = Release|Any CPU
		{01201D84-874F-4D98-87B9-90D97C382D0E}.Release|Any CPU.Build.0 = Release|Any CPU
	EndGlobalSection
	GlobalSection(SolutionProperties) = preSolution
		HideSolutionNode = FALSE
	EndGlobalSection
	GlobalSection(ExtensibilityGlobals) = postSolution
		SolutionGuid = {400BB2EB-F12E-406D-819D-77A2EE956C1A}
	EndGlobalSection
EndGlobal
